<?xml version="1.0" encoding="utf-8"?>
<Project ToolsVersion="4.0" xmlns="http://schemas.microsoft.com/developer/msbuild/2003">
  <ItemGroup>
    <Filter Include="リソース ファイル">
      <UniqueIdentifier>{67DA6AB6-F800-4c08-8B7A-83BB121AAD01}</UniqueIdentifier>
      <Extensions>rc;ico;cur;bmp;dlg;rc2;rct;bin;rgs;gif;jpg;jpeg;jpe;resx;tiff;tif;png;wav;mfcribbon-ms</Extensions>
    </Filter>
    <Filter Include="01Engine">
      <UniqueIdentifier>{e5fccdcb-f299-4448-bdb6-01fa28039576}</UniqueIdentifier>
    </Filter>
    <Filter Include="01Engine\Collider">
      <UniqueIdentifier>{7f19ecfb-5d70-4d31-a1f7-c9dd14bad324}</UniqueIdentifier>
    </Filter>
    <Filter Include="01Engine\DirectX">
      <UniqueIdentifier>{e56f8c9a-95a5-4ceb-b65f-5b8e572d087b}</UniqueIdentifier>
    </Filter>
    <Filter Include="01Engine\GameObject">
      <UniqueIdentifier>{b450e438-c939-4b05-b319-0e3c0b4a335c}</UniqueIdentifier>
    </Filter>
    <Filter Include="01Engine\ResourceManager">
      <UniqueIdentifier>{bedee914-5063-4c08-95bb-79c861b4969c}</UniqueIdentifier>
    </Filter>
    <Filter Include="02Shader">
      <UniqueIdentifier>{47a6a3f5-8cfd-436b-8d58-beccd108f3f3}</UniqueIdentifier>
      <Extensions>hlsl</Extensions>
    </Filter>
    <Filter Include="Scene">
      <UniqueIdentifier>{ad577d30-f6c8-4e18-9f47-a61f88a52a35}</UniqueIdentifier>
    </Filter>
    <Filter Include="Observer">
      <UniqueIdentifier>{fcdf85af-73b7-4e2b-a4d7-b60d489b54d5}</UniqueIdentifier>
    </Filter>
    <Filter Include="Manager">
      <UniqueIdentifier>{c96fe42c-1d3f-4aa4-9c42-0a96d397d3c3}</UniqueIdentifier>
    </Filter>
  </ItemGroup>
  <ItemGroup>
    <ClCompile Include="Engine\BoxCollider.cpp">
      <Filter>01Engine\Collider</Filter>
    </ClCompile>
    <ClCompile Include="Engine\Collider.cpp">
      <Filter>01Engine\Collider</Filter>
    </ClCompile>
    <ClCompile Include="Engine\SphereCollider.cpp">
      <Filter>01Engine\Collider</Filter>
    </ClCompile>
    <ClCompile Include="Engine\Direct3D.cpp">
      <Filter>01Engine\DirectX</Filter>
    </ClCompile>
    <ClCompile Include="Engine\Fbx.cpp">
      <Filter>01Engine\DirectX</Filter>
    </ClCompile>
    <ClCompile Include="Engine\FbxParts.cpp">
      <Filter>01Engine\DirectX</Filter>
    </ClCompile>
    <ClCompile Include="Engine\Input.cpp">
      <Filter>01Engine\DirectX</Filter>
    </ClCompile>
    <ClCompile Include="Engine\Sprite.cpp">
      <Filter>01Engine\DirectX</Filter>
    </ClCompile>
    <ClCompile Include="Engine\Camera.cpp">
      <Filter>01Engine\GameObject</Filter>
    </ClCompile>
    <ClCompile Include="Engine\GameObject.cpp">
      <Filter>01Engine\GameObject</Filter>
    </ClCompile>
    <ClCompile Include="Engine\RootObject.cpp">
      <Filter>01Engine\GameObject</Filter>
    </ClCompile>
    <ClCompile Include="Engine\CsvReader.cpp">
      <Filter>01Engine\ResourceManager</Filter>
    </ClCompile>
    <ClCompile Include="Engine\Image.cpp">
      <Filter>01Engine\ResourceManager</Filter>
    </ClCompile>
    <ClCompile Include="Engine\Model.cpp">
      <Filter>01Engine\ResourceManager</Filter>
    </ClCompile>
    <ClCompile Include="Engine\Main.cpp">
      <Filter>01Engine</Filter>
    </ClCompile>
    <ClCompile Include="Engine\SceneManager.cpp">
      <Filter>01Engine</Filter>
    </ClCompile>
    <ClCompile Include="Engine\Texture.cpp">
      <Filter>01Engine\DirectX</Filter>
    </ClCompile>
    <ClCompile Include="Engine\Transform.cpp">
      <Filter>01Engine\GameObject</Filter>
    </ClCompile>
    <ClCompile Include="Engine\Audio.cpp">
      <Filter>01Engine\ResourceManager</Filter>
    </ClCompile>
    <ClCompile Include="Engine\Text.cpp">
      <Filter>01Engine\ResourceManager</Filter>
    </ClCompile>
    <ClCompile Include="Player.cpp" />
    <ClCompile Include="Stage.cpp" />
    <ClCompile Include="Instructions.cpp" />
    <ClCompile Include="Bomb.cpp" />
    <ClCompile Include="Controller.cpp" />
    <ClCompile Include="Engine\PolyLine.cpp">
      <Filter>01Engine\ResourceManager</Filter>
    </ClCompile>
    <ClCompile Include="Engine\VFX.cpp">
      <Filter>01Engine\ResourceManager</Filter>
    </ClCompile>
    <ClCompile Include="Engine\BillBoard.cpp">
      <Filter>01Engine\ResourceManager</Filter>
    </ClCompile>
    <ClCompile Include="FireFollowGround.cpp" />
    <ClCompile Include="Line.cpp" />
    <ClCompile Include="ItemBox.cpp" />
    <ClCompile Include="Water.cpp" />
    <ClCompile Include="Item.cpp" />
    <ClCompile Include="Engine\Alpha.cpp">
      <Filter>01Engine</Filter>
    </ClCompile>
    <ClCompile Include="Timer.cpp" />
    <ClCompile Include="Observer\ResultObserver.cpp">
      <Filter>Observer</Filter>
    </ClCompile>
    <ClCompile Include="Engine\UI.cpp">
      <Filter>01Engine\ResourceManager</Filter>
    </ClCompile>
    <ClCompile Include="EnemyRed.cpp" />
    <ClCompile Include="Engine\Astar.cpp">
      <Filter>01Engine</Filter>
    </ClCompile>
    <ClCompile Include="CharacterBase.cpp" />
    <ClCompile Include="Scene\PlayScene.cpp">
      <Filter>Scene</Filter>
    </ClCompile>
    <ClCompile Include="Scene\ResultScene.cpp">
      <Filter>Scene</Filter>
    </ClCompile>
    <ClCompile Include="Scene\TestScene.cpp">
      <Filter>Scene</Filter>
    </ClCompile>
    <ClCompile Include="Scene\TitleScene.cpp">
      <Filter>Scene</Filter>
    </ClCompile>
    <ClCompile Include="EnemyBlue.cpp" />
    <ClCompile Include="EnemyGreen.cpp" />
    <ClCompile Include="Manager\BombEffect.cpp">
      <Filter>Manager</Filter>
    </ClCompile>
    <ClCompile Include="Manager\StageEffect.cpp">
      <Filter>Manager</Filter>
    </ClCompile>
    <ClCompile Include="Manager\StageAudio.cpp">
      <Filter>Manager</Filter>
    </ClCompile>
    <ClCompile Include="Manager\ItemBoxEffect.cpp">
      <Filter>Manager</Filter>
    </ClCompile>
    <ClCompile Include="Manager\StarEffect.cpp">
      <Filter>Manager</Filter>
    </ClCompile>
    <ClCompile Include="Manager\EnemyEffect.cpp">
      <Filter>Manager</Filter>
    </ClCompile>
    <ClCompile Include="EnemyBase.cpp" />
    <ClCompile Include="Manager\PlaySceneGuide.cpp">
      <Filter>Manager</Filter>
    </ClCompile>
    <ClCompile Include="Manager\GameManager.cpp">
      <Filter>Manager</Filter>
    </ClCompile>
    <ClCompile Include="Star.cpp" />
    <ClCompile Include="StarUI.cpp" />
    <ClCompile Include="Engine\Gauge.cpp">
      <Filter>01Engine\ResourceManager</Filter>
    </ClCompile>
  </ItemGroup>
  <ItemGroup>
    <ClInclude Include="Engine\BoxCollider.h">
      <Filter>01Engine\Collider</Filter>
    </ClInclude>
    <ClInclude Include="Engine\Collider.h">
      <Filter>01Engine\Collider</Filter>
    </ClInclude>
    <ClInclude Include="Engine\SphereCollider.h">
      <Filter>01Engine\Collider</Filter>
    </ClInclude>
    <ClInclude Include="Engine\Direct3D.h">
      <Filter>01Engine\DirectX</Filter>
    </ClInclude>
    <ClInclude Include="Engine\Fbx.h">
      <Filter>01Engine\DirectX</Filter>
    </ClInclude>
    <ClInclude Include="Engine\FbxParts.h">
      <Filter>01Engine\DirectX</Filter>
    </ClInclude>
    <ClInclude Include="Engine\Input.h">
      <Filter>01Engine\DirectX</Filter>
    </ClInclude>
    <ClInclude Include="Engine\Sprite.h">
      <Filter>01Engine\DirectX</Filter>
    </ClInclude>
    <ClInclude Include="Engine\Camera.h">
      <Filter>01Engine\GameObject</Filter>
    </ClInclude>
    <ClInclude Include="Engine\GameObject.h">
      <Filter>01Engine\GameObject</Filter>
    </ClInclude>
    <ClInclude Include="Engine\RootObject.h">
      <Filter>01Engine\GameObject</Filter>
    </ClInclude>
    <ClInclude Include="Engine\CsvReader.h">
      <Filter>01Engine\ResourceManager</Filter>
    </ClInclude>
    <ClInclude Include="Engine\Image.h">
      <Filter>01Engine\ResourceManager</Filter>
    </ClInclude>
    <ClInclude Include="Engine\Model.h">
      <Filter>01Engine\ResourceManager</Filter>
    </ClInclude>
    <ClInclude Include="Engine\Global.h">
      <Filter>01Engine</Filter>
    </ClInclude>
    <ClInclude Include="Engine\SceneManager.h">
      <Filter>01Engine</Filter>
    </ClInclude>
    <ClInclude Include="Engine\Texture.h">
      <Filter>01Engine\DirectX</Filter>
    </ClInclude>
    <ClInclude Include="Engine\Transform.h">
      <Filter>01Engine\GameObject</Filter>
    </ClInclude>
    <ClInclude Include="Engine\Audio.h">
      <Filter>01Engine\ResourceManager</Filter>
    </ClInclude>
    <ClInclude Include="Engine\Text.h">
      <Filter>01Engine\ResourceManager</Filter>
    </ClInclude>
    <ClInclude Include="Player.h" />
    <ClInclude Include="Stage.h" />
    <ClInclude Include="Instructions.h" />
    <ClInclude Include="Bomb.h" />
    <ClInclude Include="Controller.h" />
    <ClInclude Include="Engine\PolyLine.h">
      <Filter>01Engine\ResourceManager</Filter>
    </ClInclude>
    <ClInclude Include="Engine\VFX.h">
      <Filter>01Engine\ResourceManager</Filter>
    </ClInclude>
    <ClInclude Include="Engine\BillBoard.h">
      <Filter>01Engine\ResourceManager</Filter>
    </ClInclude>
    <ClInclude Include="FireFollowGround.h" />
    <ClInclude Include="Line.h" />
    <ClInclude Include="ItemBox.h" />
    <ClInclude Include="Water.h" />
    <ClInclude Include="Item.h" />
    <ClInclude Include="Engine\Alpha.h">
      <Filter>01Engine</Filter>
    </ClInclude>
    <ClInclude Include="Timer.h" />
    <ClInclude Include="Observer\ResultObserver.h">
      <Filter>Observer</Filter>
    </ClInclude>
    <ClInclude Include="Engine\UI.h">
      <Filter>01Engine\ResourceManager</Filter>
    </ClInclude>
    <ClInclude Include="EnemyRed.h" />
    <ClInclude Include="Engine\Astar.h">
      <Filter>01Engine</Filter>
    </ClInclude>
    <ClInclude Include="CharacterBase.h" />
    <ClInclude Include="Scene\PlayScene.h">
      <Filter>Scene</Filter>
    </ClInclude>
    <ClInclude Include="Scene\ResultScene.h">
      <Filter>Scene</Filter>
    </ClInclude>
    <ClInclude Include="Scene\TestScene.h">
      <Filter>Scene</Filter>
    </ClInclude>
    <ClInclude Include="Scene\TitleScene.h">
      <Filter>Scene</Filter>
    </ClInclude>
    <ClInclude Include="EnemyBlue.h" />
    <ClInclude Include="EnemyGreen.h" />
    <ClInclude Include="Manager\BombEffect.h">
      <Filter>Manager</Filter>
    </ClInclude>
    <ClInclude Include="Manager\StageEffect.h">
      <Filter>Manager</Filter>
    </ClInclude>
    <ClInclude Include="Manager\StageAudio.h">
      <Filter>Manager</Filter>
    </ClInclude>
    <ClInclude Include="Manager\ItemBoxEffect.h">
      <Filter>Manager</Filter>
    </ClInclude>
    <ClInclude Include="Manager\StarEffect.h">
      <Filter>Manager</Filter>
    </ClInclude>
    <ClInclude Include="Manager\EnemyEffect.h">
      <Filter>Manager</Filter>
    </ClInclude>
    <ClInclude Include="EnemyBase.h" />
    <ClInclude Include="Manager\PlaySceneGuide.h">
      <Filter>Manager</Filter>
    </ClInclude>
    <ClInclude Include="Manager\GameManager.h">
      <Filter>Manager</Filter>
    </ClInclude>
    <ClInclude Include="Star.h" />
    <ClInclude Include="StarUI.h" />
    <ClInclude Include="Engine\Gauge.h">
      <Filter>01Engine\ResourceManager</Filter>
    </ClInclude>
  </ItemGroup>
  <ItemGroup>
    <FxCompile Include="Assets\Shader\Simple2D.hlsl">
      <Filter>02Shader</Filter>
    </FxCompile>
    <FxCompile Include="Assets\Shader\Simple3D.hlsl">
      <Filter>02Shader</Filter>
    </FxCompile>
    <FxCompile Include="Assets\Shader\Debug3D.hlsl">
      <Filter>02Shader</Filter>
    </FxCompile>
    <FxCompile Include="Assets\Shader\BillBoard.hlsl">
      <Filter>02Shader</Filter>
    </FxCompile>
    <FxCompile Include="Assets\Shader\Toon.hlsl">
      <Filter>02Shader</Filter>
    </FxCompile>
    <FxCompile Include="Assets\Shader\Normalmap.hlsl">
      <Filter>02Shader</Filter>
    </FxCompile>
    <FxCompile Include="Assets\Shader\WaterShader.hlsl">
      <Filter>02Shader</Filter>
    </FxCompile>
    <FxCompile Include="Assets\Shader\Shadow.hlsl">
      <Filter>02Shader</Filter>
    </FxCompile>
  </ItemGroup>
</Project>